<?xml version="1.0" encoding="UTF-8" standalone="yes" ?>
<CodeBlocks_project_file>
	<FileVersion major="1" minor="6" />
	<Project>
		<Option title="New" />
		<Option pch_mode="2" />
		<Option compiler="gcc" />
		<Build>
			<Target title="Debug">
				<Option output="bin/Debug/New" prefix_auto="1" extension_auto="1" />
				<Option object_output="obj/Debug/" />
				<Option type="1" />
				<Option compiler="gcc" />
				<Compiler>
					<Add option="-g" />
					<Add directory="include" />
				</Compiler>
			</Target>
			<Target title="Release">
				<Option output="bin/Release/New" prefix_auto="1" extension_auto="1" />
				<Option object_output="obj/Release/" />
				<Option type="1" />
				<Option compiler="gcc" />
				<Compiler>
					<Add option="-O2" />
					<Add directory="include" />
				</Compiler>
				<Linker>
					<Add option="-s" />
				</Linker>
			</Target>
		</Build>
		<Compiler>
			<Add option="-Wall" />
			<Add option="-fexceptions" />
		</Compiler>
		<Unit filename="include/MainUI.h" />
		<Unit filename="include/Pizza.h" />
		<Unit filename="include/PizzaPlace.h" />
		<Unit filename="include/PizzaUI.h" />
		<Unit filename="include/StaffLoginUI.h" />
		<Unit filename="include/StaffUI.h" />
		<Unit filename="include/Toppings.h" />
		<Unit filename="main.cpp" />
		<Unit filename="src/MainUI.cpp" />
		<Unit filename="src/Pizza.cpp" />
		<Unit filename="src/PizzaPlace.cpp" />
		<Unit filename="src/PizzaUI.cpp" />
		<Unit filename="src/StaffLoginUI.cpp" />
		<Unit filename="src/StaffUI.cpp" />
		<Unit filename="src/Toppings.cpp" />
		<Extensions>
			<code_completion />
			<envvars />
			<debugger />
		</Extensions>
	</Project>
</CodeBlocks_project_file>
