<?xml version="1.0" encoding="UTF-8" standalone="yes" ?>
<CodeBlocks_project_file>
	<FileVersion major="1" minor="6" />
	<Project>
		<Option title="Verk2.1x" />
		<Option pch_mode="2" />
		<Option compiler="gcc" />
		<Build>
			<Target title="Debug">
				<Option output="bin/Debug/Verk2.1x" prefix_auto="1" extension_auto="1" />
				<Option object_output="obj/Debug/" />
				<Option type="1" />
				<Option compiler="gcc" />
				<Compiler>
					<Add option="-g" />
					<Add directory="UI" />
					<Add directory="Modules.h" />
					<Add directory="Repositories.h" />
					<Add directory="Services.h" />
				</Compiler>
			</Target>
		</Build>
		<Compiler>
			<Add option="-Wall" />
			<Add option="-fexceptions" />
		</Compiler>
		<Unit filename="Modules.h/Modules.h" />
		<Unit filename="Modules/Modules.cpp" />
		<Unit filename="Repositories.h/Repositorie.h" />
		<Unit filename="Repositories/Repositorie.cpp" />
		<Unit filename="Services.h/Services.h" />
		<Unit filename="Services/Services.cpp" />
		<Unit filename="UI2/UI.cpp" />
		<Unit filename="UI/UI.h" />
		<Unit filename="main.cpp" />
		<Extensions>
			<code_completion />
			<envvars />
			<debugger />
			<lib_finder disable_auto="1" />
		</Extensions>
	</Project>
</CodeBlocks_project_file>
